
Microsoft Visual Studio Solution File, Format Version 12.00
# Visual Studio Version 18
VisualStudioVersion = 18.3.11520.95 d18.3
MinimumVisualStudioVersion = 16.0.0.0
Project("{FAE04EC0-301F-11D3-BF4B-00C04F79EFBC}") = "Terrain.Windows", "Terrain.Windows\Terrain.Windows.csproj", "{7FBF048C-0B1C-4F41-B504-E1078B5B78EE}"
EndProject
Project("{FAE04EC0-301F-11D3-BF4B-00C04F79EFBC}") = "Terrain", "Terrain\Terrain.csproj", "{78EC69DF-95F5-4262-A084-3007A0701823}"
EndProject
Global
	GlobalSection(SolutionConfigurationPlatforms) = preSolution
		Debug|Any CPU = Debug|Any CPU
		Release|Any CPU = Release|Any CPU
	EndGlobalSection
	GlobalSection(ProjectConfigurationPlatforms) = postSolution
		{7FBF048C-0B1C-4F41-B504-E1078B5B78EE}.Debug|Any CPU.ActiveCfg = Debug|Any CPU
		{7FBF048C-0B1C-4F41-B504-E1078B5B78EE}.Debug|Any CPU.Build.0 = Debug|Any CPU
		{7FBF048C-0B1C-4F41-B504-E1078B5B78EE}.Release|Any CPU.ActiveCfg = Release|Any CPU
		{7FBF048C-0B1C-4F41-B504-E1078B5B78EE}.Release|Any CPU.Build.0 = Release|Any CPU
		{78EC69DF-95F5-4262-A084-3007A0701823}.Debug|Any CPU.ActiveCfg = Debug|Any CPU
		{78EC69DF-95F5-4262-A084-3007A0701823}.Debug|Any CPU.Build.0 = Debug|Any CPU
		{78EC69DF-95F5-4262-A084-3007A0701823}.Release|Any CPU.ActiveCfg = Release|Any CPU
		{78EC69DF-95F5-4262-A084-3007A0701823}.Release|Any CPU.Build.0 = Release|Any CPU
	EndGlobalSection
	GlobalSection(SolutionProperties) = preSolution
		HideSolutionNode = FALSE
	EndGlobalSection
	GlobalSection(ExtensibilityGlobals) = postSolution
		SolutionGuid = {143E2F92-EF84-45B1-937B-469C9155614B}
	EndGlobalSection
EndGlobal
